{
  "originHash" : "1d0629a3579be850189ce432d81a34b50710ff433355d0a3ea9211fe3eb31018",
  "pins" : [
    {
      "identity" : "swiftui-introspect",
      "kind" : "remoteSourceControl",
      "location" : "https://github.com/siteline/swiftui-introspect",
      "state" : {
        "revision" : "aead9358a55f635d62d885aeb9105752c0213aec",
        "version" : "27.0.0-beta.1"
      }
    }
  ],
  "version" : 3
}
