{
  "originHash" : "26a296139551ffb5e3ba139969d62a8bbff02617566bc5fafcddf60d5be006f9",
  "pins" : [
    {
      "identity" : "swiftui-introspect",
      "kind" : "remoteSourceControl",
      "location" : "https://github.com/siteline/swiftui-introspect",
      "state" : {
        "revision" : "469f9e8becd1b229b9c2056a4bd80dcce3b65a69",
        "version" : "27.0.0-beta.2"
      }
    }
  ],
  "version" : 3
}
